
Microsoft Visual Studio Solution File, Format Version 12.00
# Visual Studio Version 17
VisualStudioVersion = 17.4.33103.184
MinimumVisualStudioVersion = 10.0.40219.1
Project("{FAE04EC0-301F-11D3-BF4B-00C04F79EFBC}") = "TestEndpointFilters", "TestEndpointFilters\TestEndpointFilters.csproj", "{F919A01D-9AA1-440B-9422-B84639AC661D}"
EndProject
Global
	GlobalSection(SolutionConfigurationPlatforms) = preSolution
		Debug|Any CPU = Debug|Any CPU
		Release|Any CPU = Release|Any CPU
	EndGlobalSection
	GlobalSection(ProjectConfigurationPlatforms) = postSolution
		{F919A01D-9AA1-440B-9422-B84639AC661D}.Debug|Any CPU.ActiveCfg = Debug|Any CPU
		{F919A01D-9AA1-440B-9422-B84639AC661D}.Debug|Any CPU.Build.0 = Debug|Any CPU
		{F919A01D-9AA1-440B-9422-B84639AC661D}.Release|Any CPU.ActiveCfg = Release|Any CPU
		{F919A01D-9AA1-440B-9422-B84639AC661D}.Release|Any CPU.Build.0 = Release|Any CPU
	EndGlobalSection
	GlobalSection(SolutionProperties) = preSolution
		HideSolutionNode = FALSE
	EndGlobalSection
	GlobalSection(ExtensibilityGlobals) = postSolution
		SolutionGuid = {2A4CD5BD-FFAD-4A8F-BE29-790244A6A55D}
	EndGlobalSection
EndGlobal
